// !$*UTF8*$!
{
	archiveVersion = 1;
	classes = {
	};
	objectVersion = 46;
	objects = {

/* Begin PBXBuildFile section */
		2754AF5FF4AEE585FB3BD796 /* libPods-ITF.a in Frameworks */ = {isa = PBXBuildFile; fileRef = DE4A86EC83D34692DF2F23D8 /* libPods-ITF.a */; };
		2A35BBF71DFF7D7800EBA69A /* main.m in Sources */ = {isa = PBXBuildFile; fileRef = 2A35BBF61DFF7D7800EBA69A /* main.m */; };
		2A35BBFA1DFF7D7800EBA69A /* AppDelegate.m in Sources */ = {isa = PBXBuildFile; fileRef = 2A35BBF91DFF7D7800EBA69A /* AppDelegate.m */; };
		2A35BC001DFF7D7800EBA69A /* Main.storyboard in Resources */ = {isa = PBXBuildFile; fileRef = 2A35BBFE1DFF7D7800EBA69A /* Main.storyboard */; };
		2A35BC021DFF7D7800EBA69A /* Assets.xcassets in Resources */ = {isa = PBXBuildFile; fileRef = 2A35BC011DFF7D7800EBA69A /* Assets.xcassets */; };
		2A35BC051DFF7D7800EBA69A /* LaunchScreen.storyboard in Resources */ = {isa = PBXBuildFile; fileRef = 2A35BC031DFF7D7800EBA69A /* LaunchScreen.storyboard */; };
		2A35BC181DFF83FC00EBA69A /* FacultyVC.m in Sources */ = {isa = PBXBuildFile; fileRef = 2A35BC171DFF83FC00EBA69A /* FacultyVC.m */; };
		2A35BC1C1DFF867200EBA69A /* FireManager.m in Sources */ = {isa = PBXBuildFile; fileRef = 2A35BC1B1DFF867200EBA69A /* FireManager.m */; };
		2A7E2E901E09EA3000D4DAD0 /* StartScreen.m in Sources */ = {isa = PBXBuildFile; fileRef = 2A7E2E8F1E09EA3000D4DAD0 /* StartScreen.m */; };
		2ABDB4C41E1850D2000D58C2 /* LoginVC.m in Sources */ = {isa = PBXBuildFile; fileRef = 2ABDB4C31E1850D2000D58C2 /* LoginVC.m */; };
		8440EAB11E0879D700D3E169 /* StudentsVC.m in Sources */ = {isa = PBXBuildFile; fileRef = 8440EAB01E0879D700D3E169 /* StudentsVC.m */; };
		8440EAB51E09264400D3E169 /* StudentDetailVC.m in Sources */ = {isa = PBXBuildFile; fileRef = 8440EAB41E09264400D3E169 /* StudentDetailVC.m */; };
		848516F61E070F3A0085E822 /* GoogleService-Info.plist in Resources */ = {isa = PBXBuildFile; fileRef = 848516F51E070F3A0085E822 /* GoogleService-Info.plist */; };
		84F064DD1E07310D00CD67AB /* CoursesTableViewController.m in Sources */ = {isa = PBXBuildFile; fileRef = 84F064DC1E07310D00CD67AB /* CoursesTableViewController.m */; };
/* End PBXBuildFile section */

/* Begin PBXFileReference section */
		2A35BBF21DFF7D7800EBA69A /* ITF.app */ = {isa = PBXFileReference; explicitFileType = wrapper.application; includeInIndex = 0; path = ITF.app; sourceTree = BUILT_PRODUCTS_DIR; };
		2A35BBF61DFF7D7800EBA69A /* main.m */ = {isa = PBXFileReference; lastKnownFileType = sourcecode.c.objc; path = main.m; sourceTree = "<group>"; };
		2A35BBF81DFF7D7800EBA69A /* AppDelegate.h */ = {isa = PBXFileReference; lastKnownFileType = sourcecode.c.h; path = AppDelegate.h; sourceTree = "<group>"; };
		2A35BBF91DFF7D7800EBA69A /* AppDelegate.m */ = {isa = PBXFileReference; lastKnownFileType = sourcecode.c.objc; path = AppDelegate.m; sourceTree = "<group>"; };
		2A35BBFF1DFF7D7800EBA69A /* Base */ = {isa = PBXFileReference; lastKnownFileType = file.storyboard; name = Base; path = Base.lproj/Main.storyboard; sourceTree = "<group>"; };
		2A35BC011DFF7D7800EBA69A /* Assets.xcassets */ = {isa = PBXFileReference; lastKnownFileType = folder.assetcatalog; path = Assets.xcassets; sourceTree = "<group>"; };
		2A35BC041DFF7D7800EBA69A /* Base */ = {isa = PBXFileReference; lastKnownFileType = file.storyboard; name = Base; path = Base.lproj/LaunchScreen.storyboard; sourceTree = "<group>"; };
		2A35BC061DFF7D7800EBA69A /* Info.plist */ = {isa = PBXFileReference; lastKnownFileType = text.plist.xml; path = Info.plist; sourceTree = "<group>"; };
		2A35BC161DFF83FC00EBA69A /* FacultyVC.h */ = {isa = PBXFileReference; fileEncoding = 4; lastKnownFileType = sourcecode.c.h; name = FacultyVC.h; path = FacultyVC/FacultyVC.h; sourceTree = "<group>"; };
		2A35BC171DFF83FC00EBA69A /* FacultyVC.m */ = {isa = PBXFileReference; fileEncoding = 4; lastKnownFileType = sourcecode.c.objc; name = FacultyVC.m; path = FacultyVC/FacultyVC.m; sourceTree = "<group>"; };
		2A35BC1A1DFF867200EBA69A /* FireManager.h */ = {isa = PBXFileReference; fileEncoding = 4; lastKnownFileType = sourcecode.c.h; name = FireManager.h; path = FireManager/FireManager.h; sourceTree = "<group>"; };
		2A35BC1B1DFF867200EBA69A /* FireManager.m */ = {isa = PBXFileReference; fileEncoding = 4; lastKnownFileType = sourcecode.c.objc; name = FireManager.m; path = FireManager/FireManager.m; sourceTree = "<group>"; };
		2A7E2E8E1E09EA3000D4DAD0 /* StartScreen.h */ = {isa = PBXFileReference; fileEncoding = 4; lastKnownFileType = sourcecode.c.h; path = StartScreen.h; sourceTree = "<group>"; };
		2A7E2E8F1E09EA3000D4DAD0 /* StartScreen.m */ = {isa = PBXFileReference; fileEncoding = 4; lastKnownFileType = sourcecode.c.objc; path = StartScreen.m; sourceTree = "<group>"; };
		2ABDB4C21E1850D2000D58C2 /* LoginVC.h */ = {isa = PBXFileReference; fileEncoding = 4; lastKnownFileType = sourcecode.c.h; name = LoginVC.h; path = LoginVC/LoginVC.h; sourceTree = "<group>"; };
		2ABDB4C31E1850D2000D58C2 /* LoginVC.m */ = {isa = PBXFileReference; fileEncoding = 4; lastKnownFileType = sourcecode.c.objc; name = LoginVC.m; path = LoginVC/LoginVC.m; sourceTree = "<group>"; };
		3127FD381C2DBC8A8B5C9E03 /* Pods-ITF.debug.xcconfig */ = {isa = PBXFileReference; includeInIndex = 1; lastKnownFileType = text.xcconfig; name = "Pods-ITF.debug.xcconfig"; path = "Pods/Target Support Files/Pods-ITF/Pods-ITF.debug.xcconfig"; sourceTree = "<group>"; };
		61FDAAEECF39AFFB03B4E77E /* Pods-ITF.release.xcconfig */ = {isa = PBXFileReference; includeInIndex = 1; lastKnownFileType = text.xcconfig; name = "Pods-ITF.release.xcconfig"; path = "Pods/Target Support Files/Pods-ITF/Pods-ITF.release.xcconfig"; sourceTree = "<group>"; };
		8440EAAF1E0879D700D3E169 /* StudentsVC.h */ = {isa = PBXFileReference; fileEncoding = 4; lastKnownFileType = sourcecode.c.h; name = StudentsVC.h; path = StudentsVC/StudentsVC.h; sourceTree = "<group>"; };
		8440EAB01E0879D700D3E169 /* StudentsVC.m */ = {isa = PBXFileReference; fileEncoding = 4; lastKnownFileType = sourcecode.c.objc; name = StudentsVC.m; path = StudentsVC/StudentsVC.m; sourceTree = "<group>"; };
		8440EAB31E09264400D3E169 /* StudentDetailVC.h */ = {isa = PBXFileReference; fileEncoding = 4; lastKnownFileType = sourcecode.c.h; name = StudentDetailVC.h; path = StudentDetailVC/StudentDetailVC.h; sourceTree = "<group>"; };
		8440EAB41E09264400D3E169 /* StudentDetailVC.m */ = {isa = PBXFileReference; fileEncoding = 4; lastKnownFileType = sourcecode.c.objc; name = StudentDetailVC.m; path = StudentDetailVC/StudentDetailVC.m; sourceTree = "<group>"; };
		848516F51E070F3A0085E822 /* GoogleService-Info.plist */ = {isa = PBXFileReference; fileEncoding = 4; lastKnownFileType = text.plist.xml; path = "GoogleService-Info.plist"; sourceTree = "<group>"; };
		84F064DB1E07310D00CD67AB /* CoursesTableViewController.h */ = {isa = PBXFileReference; fileEncoding = 4; lastKnownFileType = sourcecode.c.h; name = CoursesTableViewController.h; path = CoursesVC/CoursesTableViewController.h; sourceTree = "<group>"; };
		84F064DC1E07310D00CD67AB /* CoursesTableViewController.m */ = {isa = PBXFileReference; fileEncoding = 4; lastKnownFileType = sourcecode.c.objc; name = CoursesTableViewController.m; path = CoursesVC/CoursesTableViewController.m; sourceTree = "<group>"; };
		DE4A86EC83D34692DF2F23D8 /* libPods-ITF.a */ = {isa = PBXFileReference; explicitFileType = archive.ar; includeInIndex = 0; path = "libPods-ITF.a"; sourceTree = BUILT_PRODUCTS_DIR; };
/* End PBXFileReference section */

/* Begin PBXFrameworksBuildPhase section */
		2A35BBEF1DFF7D7800EBA69A /* Frameworks */ = {
			isa = PBXFrameworksBuildPhase;
			buildActionMask = 2147483647;
			files = (
				2754AF5FF4AEE585FB3BD796 /* libPods-ITF.a in Frameworks */,
			);
			runOnlyForDeploymentPostprocessing = 0;
		};
/* End PBXFrameworksBuildPhase section */

/* Begin PBXGroup section */
		2774A78A18524B6963761940 /* Frameworks */ = {
			isa = PBXGroup;
			children = (
				DE4A86EC83D34692DF2F23D8 /* libPods-ITF.a */,
			);
			name = Frameworks;
			sourceTree = "<group>";
		};
		2A35BBE91DFF7D7700EBA69A = {
			isa = PBXGroup;
			children = (
				2A35BBF41DFF7D7800EBA69A /* ITF */,
				2A35BBF31DFF7D7800EBA69A /* Products */,
				B17E283C23341B23C65CA6E7 /* Pods */,
				2774A78A18524B6963761940 /* Frameworks */,
			);
			sourceTree = "<group>";
		};
		2A35BBF31DFF7D7800EBA69A /* Products */ = {
			isa = PBXGroup;
			children = (
				2A35BBF21DFF7D7800EBA69A /* ITF.app */,
			);
			name = Products;
			sourceTree = "<group>";
		};
		2A35BBF41DFF7D7800EBA69A /* ITF */ = {
			isa = PBXGroup;
			children = (
				2A35BC0C1DFF7D8400EBA69A /* Classes */,
				2A35BBF51DFF7D7800EBA69A /* Supporting Files */,
			);
			path = ITF;
			sourceTree = "<group>";
		};
		2A35BBF51DFF7D7800EBA69A /* Supporting Files */ = {
			isa = PBXGroup;
			children = (
				2A35BBFE1DFF7D7800EBA69A /* Main.storyboard */,
				2A35BC011DFF7D7800EBA69A /* Assets.xcassets */,
				2A35BC031DFF7D7800EBA69A /* LaunchScreen.storyboard */,
				2A35BC061DFF7D7800EBA69A /* Info.plist */,
				848516F51E070F3A0085E822 /* GoogleService-Info.plist */,
				2A35BBF61DFF7D7800EBA69A /* main.m */,
			);
			name = "Supporting Files";
			sourceTree = "<group>";
		};
		2A35BC0C1DFF7D8400EBA69A /* Classes */ = {
			isa = PBXGroup;
			children = (
				2A35BC191DFF865800EBA69A /* FireManager */,
				2A35BC111DFF834000EBA69A /* ViewControllers */,
				2A35BC0D1DFF7D8B00EBA69A /* AppDelegate */,
			);
			name = Classes;
			sourceTree = "<group>";
		};
		2A35BC0D1DFF7D8B00EBA69A /* AppDelegate */ = {
			isa = PBXGroup;
			children = (
				2A35BBF81DFF7D7800EBA69A /* AppDelegate.h */,
				2A35BBF91DFF7D7800EBA69A /* AppDelegate.m */,
			);
			name = AppDelegate;
			sourceTree = "<group>";
		};
		2A35BC111DFF834000EBA69A /* ViewControllers */ = {
			isa = PBXGroup;
			children = (
				2ABDB4C11E1850B8000D58C2 /* LoginVC */,
				2A7E2E8C1E09E8F000D4DAD0 /* StartScreen */,
				8440EAB21E09262100D3E169 /* StudentDetailVC */,
				8440EAAE1E0879BA00D3E169 /* StudentsVC */,
				84F064DA1E0730CD00CD67AB /* CoursesVC */,
				2A35BC121DFF835800EBA69A /* FacultyVC */,
			);
			name = ViewControllers;
			sourceTree = "<group>";
		};
		2A35BC121DFF835800EBA69A /* FacultyVC */ = {
			isa = PBXGroup;
			children = (
				2A35BC161DFF83FC00EBA69A /* FacultyVC.h */,
				2A35BC171DFF83FC00EBA69A /* FacultyVC.m */,
			);
			name = FacultyVC;
			sourceTree = "<group>";
		};
		2A35BC191DFF865800EBA69A /* FireManager */ = {
			isa = PBXGroup;
			children = (
				2A35BC1A1DFF867200EBA69A /* FireManager.h */,
				2A35BC1B1DFF867200EBA69A /* FireManager.m */,
			);
			name = FireManager;
			sourceTree = "<group>";
		};
		2A7E2E8C1E09E8F000D4DAD0 /* StartScreen */ = {
			isa = PBXGroup;
			children = (
				2A7E2E8E1E09EA3000D4DAD0 /* StartScreen.h */,
				2A7E2E8F1E09EA3000D4DAD0 /* StartScreen.m */,
			);
			name = StartScreen;
			sourceTree = "<group>";
		};
		2ABDB4C11E1850B8000D58C2 /* LoginVC */ = {
			isa = PBXGroup;
			children = (
				2ABDB4C21E1850D2000D58C2 /* LoginVC.h */,
				2ABDB4C31E1850D2000D58C2 /* LoginVC.m */,
			);
			name = LoginVC;
			sourceTree = "<group>";
		};
		8440EAAE1E0879BA00D3E169 /* StudentsVC */ = {
			isa = PBXGroup;
			children = (
				8440EAAF1E0879D700D3E169 /* StudentsVC.h */,
				8440EAB01E0879D700D3E169 /* StudentsVC.m */,
			);
			name = StudentsVC;
			sourceTree = "<group>";
		};
		8440EAB21E09262100D3E169 /* StudentDetailVC */ = {
			isa = PBXGroup;
			children = (
				8440EAB31E09264400D3E169 /* StudentDetailVC.h */,
				8440EAB41E09264400D3E169 /* StudentDetailVC.m */,
			);
			name = StudentDetailVC;
			sourceTree = "<group>";
		};
		84F064DA1E0730CD00CD67AB /* CoursesVC */ = {
			isa = PBXGroup;
			children = (
				84F064DB1E07310D00CD67AB /* CoursesTableViewController.h */,
				84F064DC1E07310D00CD67AB /* CoursesTableViewController.m */,
			);
			name = CoursesVC;
			sourceTree = "<group>";
		};
		B17E283C23341B23C65CA6E7 /* Pods */ = {
			isa = PBXGroup;
			children = (
				3127FD381C2DBC8A8B5C9E03 /* Pods-ITF.debug.xcconfig */,
				61FDAAEECF39AFFB03B4E77E /* Pods-ITF.release.xcconfig */,
			);
			name = Pods;
			sourceTree = "<group>";
		};
/* End PBXGroup section */

/* Begin PBXNativeTarget section */
		2A35BBF11DFF7D7800EBA69A /* ITF */ = {
			isa = PBXNativeTarget;
			buildConfigurationList = 2A35BC091DFF7D7800EBA69A /* Build configuration list for PBXNativeTarget "ITF" */;
			buildPhases = (
				16671E3A4DF3C9E9F1435906 /* [CP] Check Pods Manifest.lock */,
				2A35BBEE1DFF7D7800EBA69A /* Sources */,
				2A35BBEF1DFF7D7800EBA69A /* Frameworks */,
				2A35BBF01DFF7D7800EBA69A /* Resources */,
				6DC293CBA5649E49E820EA74 /* [CP] Embed Pods Frameworks */,
				89250D3F9F1C9BBD26D8B24A /* [CP] Copy Pods Resources */,
			);
			buildRules = (
			);
			dependencies = (
			);
			name = ITF;
			productName = ITF;
			productReference = 2A35BBF21DFF7D7800EBA69A /* ITF.app */;
			productType = "com.apple.product-type.application";
		};
/* End PBXNativeTarget section */

/* Begin PBXProject section */
		2A35BBEA1DFF7D7700EBA69A /* Project object */ = {
			isa = PBXProject;
			attributes = {
				LastUpgradeCheck = 0820;
				ORGANIZATIONNAME = Impulse;
				TargetAttributes = {
					2A35BBF11DFF7D7800EBA69A = {
						CreatedOnToolsVersion = 8.2;
						DevelopmentTeam = URR6XT6758;
						ProvisioningStyle = Automatic;
					};
				};
			};
			buildConfigurationList = 2A35BBED1DFF7D7700EBA69A /* Build configuration list for PBXProject "ITF" */;
			compatibilityVersion = "Xcode 3.2";
			developmentRegion = English;
			hasScannedForEncodings = 0;
			knownRegions = (
				en,
				Base,
			);
			mainGroup = 2A35BBE91DFF7D7700EBA69A;
			productRefGroup = 2A35BBF31DFF7D7800EBA69A /* Products */;
			projectDirPath = "";
			projectRoot = "";
			targets = (
				2A35BBF11DFF7D7800EBA69A /* ITF */,
			);
		};
/* End PBXProject section */

/* Begin PBXResourcesBuildPhase section */
		2A35BBF01DFF7D7800EBA69A /* Resources */ = {
			isa = PBXResourcesBuildPhase;
			buildActionMask = 2147483647;
			files = (
				2A35BC051DFF7D7800EBA69A /* LaunchScreen.storyboard in Resources */,
				848516F61E070F3A0085E822 /* GoogleService-Info.plist in Resources */,
				2A35BC021DFF7D7800EBA69A /* Assets.xcassets in Resources */,
				2A35BC001DFF7D7800EBA69A /* Main.storyboard in Resources */,
			);
			runOnlyForDeploymentPostprocessing = 0;
		};
/* End PBXResourcesBuildPhase section */

/* Begin PBXShellScriptBuildPhase section */
		16671E3A4DF3C9E9F1435906 /* [CP] Check Pods Manifest.lock */ = {
			isa = PBXShellScriptBuildPhase;
			buildActionMask = 2147483647;
			files = (
			);
			inputPaths = (
			);
			name = "[CP] Check Pods Manifest.lock";
			outputPaths = (
			);
			runOnlyForDeploymentPostprocessing = 0;
			shellPath = /bin/sh;
			shellScript = "diff \"${PODS_ROOT}/../Podfile.lock\" \"${PODS_ROOT}/Manifest.lock\" > /dev/null\nif [ $? != 0 ] ; then\n    # print error to STDERR\n    echo \"error: The sandbox is not in sync with the Podfile.lock. Run 'pod install' or update your CocoaPods installation.\" >&2\n    exit 1\nfi\n";
			showEnvVarsInLog = 0;
		};
		6DC293CBA5649E49E820EA74 /* [CP] Embed Pods Frameworks */ = {
			isa = PBXShellScriptBuildPhase;
			buildActionMask = 2147483647;
			files = (
			);
			inputPaths = (
			);
			name = "[CP] Embed Pods Frameworks";
			outputPaths = (
			);
			runOnlyForDeploymentPostprocessing = 0;
			shellPath = /bin/sh;
			shellScript = "\"${SRCROOT}/Pods/Target Support Files/Pods-ITF/Pods-ITF-frameworks.sh\"\n";
			showEnvVarsInLog = 0;
		};
		89250D3F9F1C9BBD26D8B24A /* [CP] Copy Pods Resources */ = {
			isa = PBXShellScriptBuildPhase;
			buildActionMask = 2147483647;
			files = (
			);
			inputPaths = (
			);
			name = "[CP] Copy Pods Resources";
			outputPaths = (
			);
			runOnlyForDeploymentPostprocessing = 0;
			shellPath = /bin/sh;
			shellScript = "\"${SRCROOT}/Pods/Target Support Files/Pods-ITF/Pods-ITF-resources.sh\"\n";
			showEnvVarsInLog = 0;
		};
/* End PBXShellScriptBuildPhase section */

/* Begin PBXSourcesBuildPhase section */
		2A35BBEE1DFF7D7800EBA69A /* Sources */ = {
			isa = PBXSourcesBuildPhase;
			buildActionMask = 2147483647;
			files = (
				8440EAB51E09264400D3E169 /* StudentDetailVC.m in Sources */,
				2A35BBFA1DFF7D7800EBA69A /* AppDelegate.m in Sources */,
				2ABDB4C41E1850D2000D58C2 /* LoginVC.m in Sources */,
				84F064DD1E07310D00CD67AB /* CoursesTableViewController.m in Sources */,
				8440EAB11E0879D700D3E169 /* StudentsVC.m in Sources */,
				2A35BC1C1DFF867200EBA69A /* FireManager.m in Sources */,
				2A35BC181DFF83FC00EBA69A /* FacultyVC.m in Sources */,
				2A7E2E901E09EA3000D4DAD0 /* StartScreen.m in Sources */,
				2A35BBF71DFF7D7800EBA69A /* main.m in Sources */,
			);
			runOnlyForDeploymentPostprocessing = 0;
		};
/* End PBXSourcesBuildPhase section */

/* Begin PBXVariantGroup section */
		2A35BBFE1DFF7D7800EBA69A /* Main.storyboard */ = {
			isa = PBXVariantGroup;
			children = (
				2A35BBFF1DFF7D7800EBA69A /* Base */,
			);
			name = Main.storyboard;
			sourceTree = "<group>";
		};
		2A35BC031DFF7D7800EBA69A /* LaunchScreen.storyboard */ = {
			isa = PBXVariantGroup;
			children = (
				2A35BC041DFF7D7800EBA69A /* Base */,
			);
			name = LaunchScreen.storyboard;
			sourceTree = "<group>";
		};
/* End PBXVariantGroup section */

/* Begin XCBuildConfiguration section */
		2A35BC071DFF7D7800EBA69A /* Debug */ = {
			isa = XCBuildConfiguration;
			buildSettings = {
				ALWAYS_SEARCH_USER_PATHS = NO;
				CLANG_ANALYZER_NONNULL = YES;
				CLANG_CXX_LANGUAGE_STANDARD = "gnu++0x";
				CLANG_CXX_LIBRARY = "libc++";
				CLANG_ENABLE_MODULES = YES;
				CLANG_ENABLE_OBJC_ARC = YES;
				CLANG_WARN_BOOL_CONVERSION = YES;
				CLANG_WARN_CONSTANT_CONVERSION = YES;
				CLANG_WARN_DIRECT_OBJC_ISA_USAGE = YES_ERROR;
				CLANG_WARN_DOCUMENTATION_COMMENTS = YES;
				CLANG_WARN_EMPTY_BODY = YES;
				CLANG_WARN_ENUM_CONVERSION = YES;
				CLANG_WARN_INFINITE_RECURSION = YES;
				CLANG_WARN_INT_CONVERSION = YES;
				CLANG_WARN_OBJC_ROOT_CLASS = YES_ERROR;
				CLANG_WARN_SUSPICIOUS_MOVE = YES;
				CLANG_WARN_UNREACHABLE_CODE = YES;
				CLANG_WARN__DUPLICATE_METHOD_MATCH = YES;
				"CODE_SIGN_IDENTITY[sdk=iphoneos*]" = "iPhone Developer";
				COPY_PHASE_STRIP = NO;
				DEBUG_INFORMATION_FORMAT = dwarf;
				ENABLE_STRICT_OBJC_MSGSEND = YES;
				ENABLE_TESTABILITY = YES;
				GCC_C_LANGUAGE_STANDARD = gnu99;
				GCC_DYNAMIC_NO_PIC = NO;
				GCC_NO_COMMON_BLOCKS = YES;
				GCC_OPTIMIZATION_LEVEL = 0;
				GCC_PREPROCESSOR_DEFINITIONS = (
					"DEBUG=1",
					"$(inherited)",
				);
				GCC_WARN_64_TO_32_BIT_CONVERSION = YES;
				GCC_WARN_ABOUT_RETURN_TYPE = YES_ERROR;
				GCC_WARN_UNDECLARED_SELECTOR = YES;
				GCC_WARN_UNINITIALIZED_AUTOS = YES_AGGRESSIVE;
				GCC_WARN_UNUSED_FUNCTION = YES;
				GCC_WARN_UNUSED_VARIABLE = YES;
				IPHONEOS_DEPLOYMENT_TARGET = 10.2;
				MTL_ENABLE_DEBUG_INFO = YES;
				ONLY_ACTIVE_ARCH = YES;
				SDKROOT = iphoneos;
			};
			name = Debug;
		};
		2A35BC081DFF7D7800EBA69A /* Release */ = {
			isa = XCBuildConfiguration;
			buildSettings = {
				ALWAYS_SEARCH_USER_PATHS = NO;
				CLANG_ANALYZER_NONNULL = YES;
				CLANG_CXX_LANGUAGE_STANDARD = "gnu++0x";
				CLANG_CXX_LIBRARY = "libc++";
				CLANG_ENABLE_MODULES = YES;
				CLANG_ENABLE_OBJC_ARC = YES;
				CLANG_WARN_BOOL_CONVERSION = YES;
				CLANG_WARN_CONSTANT_CONVERSION = YES;
				CLANG_WARN_DIRECT_OBJC_ISA_USAGE = YES_ERROR;
				CLANG_WARN_DOCUMENTATION_COMMENTS = YES;
				CLANG_WARN_EMPTY_BODY = YES;
				CLANG_WARN_ENUM_CONVERSION = YES;
				CLANG_WARN_INFINITE_RECURSION = YES;
				CLANG_WARN_INT_CONVERSION = YES;
				CLANG_WARN_OBJC_ROOT_CLASS = YES_ERROR;
				CLANG_WARN_SUSPICIOUS_MOVE = YES;
				CLANG_WARN_UNREACHABLE_CODE = YES;
				CLANG_WARN__DUPLICATE_METHOD_MATCH = YES;
				"CODE_SIGN_IDENTITY[sdk=iphoneos*]" = "iPhone Developer";
				COPY_PHASE_STRIP = NO;
				DEBUG_INFORMATION_FORMAT = "dwarf-with-dsym";
				ENABLE_NS_ASSERTIONS = NO;
				ENABLE_STRICT_OBJC_MSGSEND = YES;
				GCC_C_LANGUAGE_STANDARD = gnu99;
				GCC_NO_COMMON_BLOCKS = YES;
				GCC_WARN_64_TO_32_BIT_CONVERSION = YES;
				GCC_WARN_ABOUT_RETURN_TYPE = YES_ERROR;
				GCC_WARN_UNDECLARED_SELECTOR = YES;
				GCC_WARN_UNINITIALIZED_AUTOS = YES_AGGRESSIVE;
				GCC_WARN_UNUSED_FUNCTION = YES;
				GCC_WARN_UNUSED_VARIABLE = YES;
				IPHONEOS_DEPLOYMENT_TARGET = 10.2;
				MTL_ENABLE_DEBUG_INFO = NO;
				SDKROOT = iphoneos;
				VALIDATE_PRODUCT = YES;
			};
			name = Release;
		};
		2A35BC0A1DFF7D7800EBA69A /* Debug */ = {
			isa = XCBuildConfiguration;
			baseConfigurationReference = 3127FD381C2DBC8A8B5C9E03 /* Pods-ITF.debug.xcconfig */;
			buildSettings = {
				ASSETCATALOG_COMPILER_APPICON_NAME = AppIcon;
				ASSETCATALOG_COMPILER_LAUNCHIMAGE_NAME = LaunchImage;
				DEVELOPMENT_TEAM = URR6XT6758;
				INFOPLIST_FILE = ITF/Info.plist;
				IPHONEOS_DEPLOYMENT_TARGET = 10.0;
				LD_RUNPATH_SEARCH_PATHS = "$(inherited) @executable_path/Frameworks";
				PRODUCT_BUNDLE_IDENTIFIER = Imp.ITF;
				PRODUCT_NAME = "$(TARGET_NAME)";
			};
			name = Debug;
		};
		2A35BC0B1DFF7D7800EBA69A /* Release */ = {
			isa = XCBuildConfiguration;
			baseConfigurationReference = 61FDAAEECF39AFFB03B4E77E /* Pods-ITF.release.xcconfig */;
			buildSettings = {
				ASSETCATALOG_COMPILER_APPICON_NAME = AppIcon;
				ASSETCATALOG_COMPILER_LAUNCHIMAGE_NAME = LaunchImage;
				DEVELOPMENT_TEAM = URR6XT6758;
				INFOPLIST_FILE = ITF/Info.plist;
				IPHONEOS_DEPLOYMENT_TARGET = 10.0;
				LD_RUNPATH_SEARCH_PATHS = "$(inherited) @executable_path/Frameworks";
				PRODUCT_BUNDLE_IDENTIFIER = Imp.ITF;
				PRODUCT_NAME = "$(TARGET_NAME)";
			};
			name = Release;
		};
/* End XCBuildConfiguration section */

/* Begin XCConfigurationList section */
		2A35BBED1DFF7D7700EBA69A /* Build configuration list for PBXProject "ITF" */ = {
			isa = XCConfigurationList;
			buildConfigurations = (
				2A35BC071DFF7D7800EBA69A /* Debug */,
				2A35BC081DFF7D7800EBA69A /* Release */,
			);
			defaultConfigurationIsVisible = 0;
			defaultConfigurationName = Release;
		};
		2A35BC091DFF7D7800EBA69A /* Build configuration list for PBXNativeTarget "ITF" */ = {
			isa = XCConfigurationList;
			buildConfigurations = (
				2A35BC0A1DFF7D7800EBA69A /* Debug */,
				2A35BC0B1DFF7D7800EBA69A /* Release */,
			);
			defaultConfigurationIsVisible = 0;
			defaultConfigurationName = Release;
		};
/* End XCConfigurationList section */
	};
	rootObject = 2A35BBEA1DFF7D7700EBA69A /* Project object */;
}
